
Microsoft Visual Studio Solution File, Format Version 12.00
# Visual Studio Version 17
VisualStudioVersion = 17.5.33516.290
MinimumVisualStudioVersion = 10.0.40219.1
Project("{9A19103F-16F7-4668-BE54-9A1E7A4F7556}") = "Sistema Inventario V6", "Sistema Inventario V6\Sistema Inventario V6.csproj", "{82BC34BA-632D-4BD2-861C-6722597772F5}"
EndProject
Project("{FAE04EC0-301F-11D3-BF4B-00C04F79EFBC}") = "SistemaInventario.AccesoDatos", "SistemaInventario.AccesoDatos\SistemaInventario.AccesoDatos.csproj", "{8C657E8A-6FCD-448E-8B93-C7F00D95D548}"
EndProject
Project("{FAE04EC0-301F-11D3-BF4B-00C04F79EFBC}") = "SistemaInventario.Modelos", "SistemaInventario.Modelos\SistemaInventario.Modelos.csproj", "{60BC5DB6-A2D1-407A-8670-98CFCE20E681}"
EndProject
Project("{FAE04EC0-301F-11D3-BF4B-00C04F79EFBC}") = "SistemaInventario.Utilidades", "SistemaInventario.Utilidades\SistemaInventario.Utilidades.csproj", "{2168D437-AE34-4BB7-BC3A-C2DBBA673FC0}"
EndProject
Global
	GlobalSection(SolutionConfigurationPlatforms) = preSolution
		Debug|Any CPU = Debug|Any CPU
		Release|Any CPU = Release|Any CPU
	EndGlobalSection
	GlobalSection(ProjectConfigurationPlatforms) = postSolution
		{82BC34BA-632D-4BD2-861C-6722597772F5}.Debug|Any CPU.ActiveCfg = Debug|Any CPU
		{82BC34BA-632D-4BD2-861C-6722597772F5}.Debug|Any CPU.Build.0 = Debug|Any CPU
		{82BC34BA-632D-4BD2-861C-6722597772F5}.Release|Any CPU.ActiveCfg = Release|Any CPU
		{82BC34BA-632D-4BD2-861C-6722597772F5}.Release|Any CPU.Build.0 = Release|Any CPU
		{8C657E8A-6FCD-448E-8B93-C7F00D95D548}.Debug|Any CPU.ActiveCfg = Debug|Any CPU
		{8C657E8A-6FCD-448E-8B93-C7F00D95D548}.Debug|Any CPU.Build.0 = Debug|Any CPU
		{8C657E8A-6FCD-448E-8B93-C7F00D95D548}.Release|Any CPU.ActiveCfg = Release|Any CPU
		{8C657E8A-6FCD-448E-8B93-C7F00D95D548}.Release|Any CPU.Build.0 = Release|Any CPU
		{60BC5DB6-A2D1-407A-8670-98CFCE20E681}.Debug|Any CPU.ActiveCfg = Debug|Any CPU
		{60BC5DB6-A2D1-407A-8670-98CFCE20E681}.Debug|Any CPU.Build.0 = Debug|Any CPU
		{60BC5DB6-A2D1-407A-8670-98CFCE20E681}.Release|Any CPU.ActiveCfg = Release|Any CPU
		{60BC5DB6-A2D1-407A-8670-98CFCE20E681}.Release|Any CPU.Build.0 = Release|Any CPU
		{2168D437-AE34-4BB7-BC3A-C2DBBA673FC0}.Debug|Any CPU.ActiveCfg = Debug|Any CPU
		{2168D437-AE34-4BB7-BC3A-C2DBBA673FC0}.Debug|Any CPU.Build.0 = Debug|Any CPU
		{2168D437-AE34-4BB7-BC3A-C2DBBA673FC0}.Release|Any CPU.ActiveCfg = Release|Any CPU
		{2168D437-AE34-4BB7-BC3A-C2DBBA673FC0}.Release|Any CPU.Build.0 = Release|Any CPU
	EndGlobalSection
	GlobalSection(SolutionProperties) = preSolution
		HideSolutionNode = FALSE
	EndGlobalSection
	GlobalSection(ExtensibilityGlobals) = postSolution
		SolutionGuid = {A3013C0C-9854-4348-B6CD-3EF53AB3B63A}
	EndGlobalSection
EndGlobal
